# This file is @generated by PDM.
# It is not intended for manual editing.

[metadata]
groups = ["default", "dev"]
strategy = ["inherit_metadata"]
lock_version = "4.5.0"
content_hash = "sha256:7652ee61c2c2672bab9420866fb12103134dcca93f61ee2e335ead9c119cb699"

[[metadata.targets]]
requires_python = "==3.10.*"

[[package]]
name = "alembic"
version = "1.17.0"
requires_python = ">=3.10"
summary = "A database migration tool for SQLAlchemy."
groups = ["default"]
dependencies = [
    "Mako",
    "SQLAlchemy>=1.4.0",
    "tomli; python_version < \"3.11\"",
    "typing-extensions>=4.12",
]
files = [
    {file = "alembic-1.17.0-py3-none-any.whl", hash = "sha256:80523bc437d41b35c5db7e525ad9d908f79de65c27d6a5a5eab6df348a352d99"},
    {file = "alembic-1.17.0.tar.gz", hash = "sha256:4652a0b3e19616b57d652b82bfa5e38bf5dbea0813eed971612671cb9e90c0fe"},
]

[[package]]
name = "annotated-types"
version = "0.7.0"
requires_python = ">=3.8"
summary = "Reusable constraint types to use with typing.Annotated"
groups = ["default"]
dependencies = [
    "typing-extensions>=4.0.0; python_version < \"3.9\"",
]
files = [
    {file = "annotated_types-0.7.0-py3-none-any.whl", hash = "sha256:1f02e8b43a8fbbc3f3e0d4f0f4bfc8131bcb4eebe8849b8e5c773f3a1c582a53"},
    {file = "annotated_types-0.7.0.tar.gz", hash = "sha256:aff07c09a53a08bc8cfccb9c85b05f1aa9a2a6f23728d790723543408344ce89"},
]

[[package]]
name = "anyio"
version = "4.11.0"
requires_python = ">=3.9"
summary = "High-level concurrency and networking framework on top of asyncio or Trio"
groups = ["default"]
dependencies = [
    "exceptiongroup>=1.0.2; python_version < \"3.11\"",
    "idna>=2.8",
    "sniffio>=1.1",
    "typing-extensions>=4.5; python_version < \"3.13\"",
]
files = [
    {file = "anyio-4.11.0-py3-none-any.whl", hash = "sha256:0287e96f4d26d4149305414d4e3bc32f0dcd0862365a4bddea19d7a1ec38c4fc"},
    {file = "anyio-4.11.0.tar.gz", hash = "sha256:82a8d0b81e318cc5ce71a5f1f8b5c4e63619620b63141ef8c995fa0db95a57c4"},
]

[[package]]
name = "attrs"
version = "25.4.0"
requires_python = ">=3.9"
summary = "Classes Without Boilerplate"
groups = ["default"]
files = [
    {file = "attrs-25.4.0-py3-none-any.whl", hash = "sha256:adcf7e2a1fb3b36ac48d97835bb6d8ade15b8dcce26aba8bf1d14847b57a3373"},
    {file = "attrs-25.4.0.tar.gz", hash = "sha256:16d5969b87f0859ef33a48b35d55ac1be6e42ae49d5e853b597db70c35c57e11"},
]

[[package]]
name = "certifi"
version = "2025.10.5"
requires_python = ">=3.7"
summary = "Python package for providing Mozilla's CA Bundle."
groups = ["default"]
files = [
    {file = "certifi-2025.10.5-py3-none-any.whl", hash = "sha256:0f212c2744a9bb6de0c56639a6f68afe01ecd92d91f14ae897c4fe7bbeeef0de"},
    {file = "certifi-2025.10.5.tar.gz", hash = "sha256:47c09d31ccf2acf0be3f701ea53595ee7e0b8fa08801c6624be771df09ae7b43"},
]

[[package]]
name = "click"
version = "8.3.0"
requires_python = ">=3.10"
summary = "Composable command line interface toolkit"
groups = ["default"]
dependencies = [
    "colorama; platform_system == \"Windows\"",
]
files = [
    {file = "click-8.3.0-py3-none-any.whl", hash = "sha256:9b9f285302c6e3064f4330c05f05b81945b2a39544279343e6e7c5f27a9baddc"},
    {file = "click-8.3.0.tar.gz", hash = "sha256:e7b8232224eba16f4ebe410c25ced9f7875cb5f3263ffc93cc3e8da705e229c4"},
]

[[package]]
name = "colorama"
version = "0.4.6"
requires_python = "!=3.0.*,!=3.1.*,!=3.2.*,!=3.3.*,!=3.4.*,!=3.5.*,!=3.6.*,>=2.7"
summary = "Cross-platform colored terminal text."
groups = ["default", "dev"]
marker = "sys_platform == \"win32\" or platform_system == \"Windows\""
files = [
    {file = "colorama-0.4.6-py2.py3-none-any.whl", hash = "sha256:4f1d9991f5acc0ca119f9d443620b77f9d6b33703e51011c16baf57afb285fc6"},
    {file = "colorama-0.4.6.tar.gz", hash = "sha256:08695f5cb7ed6e0531a20572697297273c47b8cae5a63ffc6d6ed5c201be6e44"},
]

[[package]]
name = "coverage"
version = "7.10.7"
requires_python = ">=3.9"
summary = "Code coverage measurement for Python"
groups = ["dev"]
files = [
    {file = "coverage-7.10.7-cp310-cp310-macosx_10_9_x86_64.whl", hash = "sha256:fc04cc7a3db33664e0c2d10eb8990ff6b3536f6842c9590ae8da4c614b9ed05a"},
    {file = "coverage-7.10.7-cp310-cp310-macosx_11_0_arm64.whl", hash = "sha256:e201e015644e207139f7e2351980feb7040e6f4b2c2978892f3e3789d1c125e5"},
    {file = "coverage-7.10.7-cp310-cp310-manylinux1_i686.manylinux_2_28_i686.manylinux_2_5_i686.whl", hash = "sha256:240af60539987ced2c399809bd34f7c78e8abe0736af91c3d7d0e795df633d17"},
    {file = "coverage-7.10.7-cp310-cp310-manylinux1_x86_64.manylinux_2_28_x86_64.manylinux_2_5_x86_64.whl", hash = "sha256:8421e088bc051361b01c4b3a50fd39a4b9133079a2229978d9d30511fd05231b"},
    {file = "coverage-7.10.7-cp310-cp310-manylinux2014_aarch64.manylinux_2_17_aarch64.manylinux_2_28_aarch64.whl", hash = "sha256:6be8ed3039ae7f7ac5ce058c308484787c86e8437e72b30bf5e88b8ea10f3c87"},
    {file = "coverage-7.10.7-cp310-cp310-manylinux_2_31_riscv64.manylinux_2_39_riscv64.whl", hash = "sha256:e28299d9f2e889e6d51b1f043f58d5f997c373cc12e6403b90df95b8b047c13e"},
    {file = "coverage-7.10.7-cp310-cp310-musllinux_1_2_aarch64.whl", hash = "sha256:c4e16bd7761c5e454f4efd36f345286d6f7c5fa111623c355691e2755cae3b9e"},
    {file = "coverage-7.10.7-cp310-cp310-musllinux_1_2_i686.whl", hash = "sha256:b1c81d0e5e160651879755c9c675b974276f135558cf4ba79fee7b8413a515df"},
    {file = "coverage-7.10.7-cp310-cp310-musllinux_1_2_riscv64.whl", hash = "sha256:606cc265adc9aaedcc84f1f064f0e8736bc45814f15a357e30fca7ecc01504e0"},
    {file = "coverage-7.10.7-cp310-cp310-musllinux_1_2_x86_64.whl", hash = "sha256:10b24412692df990dbc34f8fb1b6b13d236ace9dfdd68df5b28c2e39cafbba13"},
    {file = "coverage-7.10.7-cp310-cp310-win32.whl", hash = "sha256:b51dcd060f18c19290d9b8a9dd1e0181538df2ce0717f562fff6cf74d9fc0b5b"},
    {file = "coverage-7.10.7-cp310-cp310-win_amd64.whl", hash = "sha256:3a622ac801b17198020f09af3eaf45666b344a0d69fc2a6ffe2ea83aeef1d807"},
    {file = "coverage-7.10.7-py3-none-any.whl", hash = "sha256:f7941f6f2fe6dd6807a1208737b8a0cbcf1cc6d7b07d24998ad2d63590868260"},
    {file = "coverage-7.10.7.tar.gz", hash = "sha256:f4ab143ab113be368a3e9b795f9cd7906c5ef407d6173fe9675a902e1fffc239"},
]

[[package]]
name = "coverage"
version = "7.10.7"
extras = ["toml"]
requires_python = ">=3.9"
summary = "Code coverage measurement for Python"
groups = ["dev"]
dependencies = [
    "coverage==7.10.7",
    "tomli; python_full_version <= \"3.11.0a6\"",
]
files = [
    {file = "coverage-7.10.7-cp310-cp310-macosx_10_9_x86_64.whl", hash = "sha256:fc04cc7a3db33664e0c2d10eb8990ff6b3536f6842c9590ae8da4c614b9ed05a"},
    {file = "coverage-7.10.7-cp310-cp310-macosx_11_0_arm64.whl", hash = "sha256:e201e015644e207139f7e2351980feb7040e6f4b2c2978892f3e3789d1c125e5"},
    {file = "coverage-7.10.7-cp310-cp310-manylinux1_i686.manylinux_2_28_i686.manylinux_2_5_i686.whl", hash = "sha256:240af60539987ced2c399809bd34f7c78e8abe0736af91c3d7d0e795df633d17"},
    {file = "coverage-7.10.7-cp310-cp310-manylinux1_x86_64.manylinux_2_28_x86_64.manylinux_2_5_x86_64.whl", hash = "sha256:8421e088bc051361b01c4b3a50fd39a4b9133079a2229978d9d30511fd05231b"},
    {file = "coverage-7.10.7-cp310-cp310-manylinux2014_aarch64.manylinux_2_17_aarch64.manylinux_2_28_aarch64.whl", hash = "sha256:6be8ed3039ae7f7ac5ce058c308484787c86e8437e72b30bf5e88b8ea10f3c87"},
    {file = "coverage-7.10.7-cp310-cp310-manylinux_2_31_riscv64.manylinux_2_39_riscv64.whl", hash = "sha256:e28299d9f2e889e6d51b1f043f58d5f997c373cc12e6403b90df95b8b047c13e"},
    {file = "coverage-7.10.7-cp310-cp310-musllinux_1_2_aarch64.whl", hash = "sha256:c4e16bd7761c5e454f4efd36f345286d6f7c5fa111623c355691e2755cae3b9e"},
    {file = "coverage-7.10.7-cp310-cp310-musllinux_1_2_i686.whl", hash = "sha256:b1c81d0e5e160651879755c9c675b974276f135558cf4ba79fee7b8413a515df"},
    {file = "coverage-7.10.7-cp310-cp310-musllinux_1_2_riscv64.whl", hash = "sha256:606cc265adc9aaedcc84f1f064f0e8736bc45814f15a357e30fca7ecc01504e0"},
    {file = "coverage-7.10.7-cp310-cp310-musllinux_1_2_x86_64.whl", hash = "sha256:10b24412692df990dbc34f8fb1b6b13d236ace9dfdd68df5b28c2e39cafbba13"},
    {file = "coverage-7.10.7-cp310-cp310-win32.whl", hash = "sha256:b51dcd060f18c19290d9b8a9dd1e0181538df2ce0717f562fff6cf74d9fc0b5b"},
    {file = "coverage-7.10.7-cp310-cp310-win_amd64.whl", hash = "sha256:3a622ac801b17198020f09af3eaf45666b344a0d69fc2a6ffe2ea83aeef1d807"},
    {file = "coverage-7.10.7-py3-none-any.whl", hash = "sha256:f7941f6f2fe6dd6807a1208737b8a0cbcf1cc6d7b07d24998ad2d63590868260"},
    {file = "coverage-7.10.7.tar.gz", hash = "sha256:f4ab143ab113be368a3e9b795f9cd7906c5ef407d6173fe9675a902e1fffc239"},
]

[[package]]
name = "exceptiongroup"
version = "1.3.0"
requires_python = ">=3.7"
summary = "Backport of PEP 654 (exception groups)"
groups = ["default", "dev"]
marker = "python_version < \"3.11\""
dependencies = [
    "typing-extensions>=4.6.0; python_version < \"3.13\"",
]
files = [
    {file = "exceptiongroup-1.3.0-py3-none-any.whl", hash = "sha256:4d111e6e0c13d0644cad6ddaa7ed0261a0b36971f6d23e7ec9b4b9097da78a10"},
    {file = "exceptiongroup-1.3.0.tar.gz", hash = "sha256:b241f5885f560bc56a59ee63ca4c6a8bfa46ae4ad651af316d4e81817bb9fd88"},
]

[[package]]
name = "greenlet"
version = "3.2.4"
requires_python = ">=3.9"
summary = "Lightweight in-process concurrent programming"
groups = ["default"]
marker = "platform_machine == \"win32\" or platform_machine == \"WIN32\" or platform_machine == \"AMD64\" or platform_machine == \"amd64\" or platform_machine == \"x86_64\" or platform_machine == \"ppc64le\" or platform_machine == \"aarch64\""
files = [
    {file = "greenlet-3.2.4-cp310-cp310-macosx_11_0_universal2.whl", hash = "sha256:8c68325b0d0acf8d91dde4e6f930967dd52a5302cd4062932a6b2e7c2969f47c"},
    {file = "greenlet-3.2.4-cp310-cp310-manylinux2014_aarch64.manylinux_2_17_aarch64.whl", hash = "sha256:94385f101946790ae13da500603491f04a76b6e4c059dab271b3ce2e283b2590"},
    {file = "greenlet-3.2.4-cp310-cp310-manylinux2014_ppc64le.manylinux_2_17_ppc64le.whl", hash = "sha256:f10fd42b5ee276335863712fa3da6608e93f70629c631bf77145021600abc23c"},
    {file = "greenlet-3.2.4-cp310-cp310-manylinux2014_s390x.manylinux_2_17_s390x.whl", hash = "sha256:c8c9e331e58180d0d83c5b7999255721b725913ff6bc6cf39fa2a45841a4fd4b"},
    {file = "greenlet-3.2.4-cp310-cp310-manylinux2014_x86_64.manylinux_2_17_x86_64.whl", hash = "sha256:58b97143c9cc7b86fc458f215bd0932f1757ce649e05b640fea2e79b54cedb31"},
    {file = "greenlet-3.2.4-cp310-cp310-manylinux_2_24_x86_64.manylinux_2_28_x86_64.whl", hash = "sha256:c2ca18a03a8cfb5b25bc1cbe20f3d9a4c80d8c3b13ba3df49ac3961af0b1018d"},
    {file = "greenlet-3.2.4-cp310-cp310-musllinux_1_1_aarch64.whl", hash = "sha256:9fe0a28a7b952a21e2c062cd5756d34354117796c6d9215a87f55e38d15402c5"},
    {file = "greenlet-3.2.4-cp310-cp310-musllinux_1_1_x86_64.whl", hash = "sha256:8854167e06950ca75b898b104b63cc646573aa5fef1353d4508ecdd1ee76254f"},
    {file = "greenlet-3.2.4-cp310-cp310-win_amd64.whl", hash = "sha256:73f49b5368b5359d04e18d15828eecc1806033db5233397748f4ca813ff1056c"},
    {file = "greenlet-3.2.4.tar.gz", hash = "sha256:0dca0d95ff849f9a364385f36ab49f50065d76964944638be9691e1832e9f86d"},
]

[[package]]
name = "h11"
version = "0.16.0"
requires_python = ">=3.8"
summary = "A pure-Python, bring-your-own-I/O implementation of HTTP/1.1"
groups = ["default"]
files = [
    {file = "h11-0.16.0-py3-none-any.whl", hash = "sha256:63cf8bbe7522de3bf65932fda1d9c2772064ffb3dae62d55932da54b31cb6c86"},
    {file = "h11-0.16.0.tar.gz", hash = "sha256:4e35b956cf45792e4caa5885e69fba00bdbc6ffafbfa020300e549b208ee5ff1"},
]

[[package]]
name = "httpcore"
version = "1.0.9"
requires_python = ">=3.8"
summary = "A minimal low-level HTTP client."
groups = ["default"]
dependencies = [
    "certifi",
    "h11>=0.16",
]
files = [
    {file = "httpcore-1.0.9-py3-none-any.whl", hash = "sha256:2d400746a40668fc9dec9810239072b40b4484b640a8c38fd654a024c7a1bf55"},
    {file = "httpcore-1.0.9.tar.gz", hash = "sha256:6e34463af53fd2ab5d807f399a9b45ea31c3dfa2276f15a2c3f00afff6e176e8"},
]

[[package]]
name = "httpx"
version = "0.28.1"
requires_python = ">=3.8"
summary = "The next generation HTTP client."
groups = ["default"]
dependencies = [
    "anyio",
    "certifi",
    "httpcore==1.*",
    "idna",
]
files = [
    {file = "httpx-0.28.1-py3-none-any.whl", hash = "sha256:d909fcccc110f8c7faf814ca82a9a4d816bc5a6dbfea25d6591d6985b8ba59ad"},
    {file = "httpx-0.28.1.tar.gz", hash = "sha256:75e98c5f16b0f35b567856f597f06ff2270a374470a5c2392242528e3e3e42fc"},
]

[[package]]
name = "httpx-sse"
version = "0.4.3"
requires_python = ">=3.9"
summary = "Consume Server-Sent Event (SSE) messages with HTTPX."
groups = ["default"]
files = [
    {file = "httpx_sse-0.4.3-py3-none-any.whl", hash = "sha256:0ac1c9fe3c0afad2e0ebb25a934a59f4c7823b60792691f779fad2c5568830fc"},
    {file = "httpx_sse-0.4.3.tar.gz", hash = "sha256:9b1ed0127459a66014aec3c56bebd93da3c1bc8bb6618c8082039a44889a755d"},
]

[[package]]
name = "idna"
version = "3.11"
requires_python = ">=3.8"
summary = "Internationalized Domain Names in Applications (IDNA)"
groups = ["default"]
files = [
    {file = "idna-3.11-py3-none-any.whl", hash = "sha256:771a87f49d9defaf64091e6e6fe9c18d4833f140bd19464795bc32d966ca37ea"},
    {file = "idna-3.11.tar.gz", hash = "sha256:795dafcc9c04ed0c1fb032c2aa73654d8e8c5023a7df64a53f39190ada629902"},
]

[[package]]
name = "iniconfig"
version = "2.1.0"
requires_python = ">=3.8"
summary = "brain-dead simple config-ini parsing"
groups = ["dev"]
files = [
    {file = "iniconfig-2.1.0-py3-none-any.whl", hash = "sha256:9deba5723312380e77435581c6bf4935c94cbfab9b1ed33ef8d238ea168eb760"},
    {file = "iniconfig-2.1.0.tar.gz", hash = "sha256:3abbd2e30b36733fee78f9c7f7308f2d0050e88f0087fd25c2645f63c773e1c7"},
]

[[package]]
name = "jsonschema"
version = "4.25.1"
requires_python = ">=3.9"
summary = "An implementation of JSON Schema validation for Python"
groups = ["default"]
dependencies = [
    "attrs>=22.2.0",
    "jsonschema-specifications>=2023.03.6",
    "referencing>=0.28.4",
    "rpds-py>=0.7.1",
]
files = [
    {file = "jsonschema-4.25.1-py3-none-any.whl", hash = "sha256:3fba0169e345c7175110351d456342c364814cfcf3b964ba4587f22915230a63"},
    {file = "jsonschema-4.25.1.tar.gz", hash = "sha256:e4a9655ce0da0c0b67a085847e00a3a51449e1157f4f75e9fb5aa545e122eb85"},
]

[[package]]
name = "jsonschema-specifications"
version = "2025.9.1"
requires_python = ">=3.9"
summary = "The JSON Schema meta-schemas and vocabularies, exposed as a Registry"
groups = ["default"]
dependencies = [
    "referencing>=0.31.0",
]
files = [
    {file = "jsonschema_specifications-2025.9.1-py3-none-any.whl", hash = "sha256:98802fee3a11ee76ecaca44429fda8a41bff98b00a0f2838151b113f210cc6fe"},
    {file = "jsonschema_specifications-2025.9.1.tar.gz", hash = "sha256:b540987f239e745613c7a9176f3edb72b832a4ac465cf02712288397832b5e8d"},
]

[[package]]
name = "mako"
version = "1.3.10"
requires_python = ">=3.8"
summary = "A super-fast templating language that borrows the best ideas from the existing templating languages."
groups = ["default"]
dependencies = [
    "MarkupSafe>=0.9.2",
]
files = [
    {file = "mako-1.3.10-py3-none-any.whl", hash = "sha256:baef24a52fc4fc514a0887ac600f9f1cff3d82c61d4d700a1fa84d597b88db59"},
    {file = "mako-1.3.10.tar.gz", hash = "sha256:99579a6f39583fa7e5630a28c3c1f440e4e97a414b80372649c0ce338da2ea28"},
]

[[package]]
name = "markdown-it-py"
version = "4.0.0"
requires_python = ">=3.10"
summary = "Python port of markdown-it. Markdown parsing, done right!"
groups = ["default"]
dependencies = [
    "mdurl~=0.1",
]
files = [
    {file = "markdown_it_py-4.0.0-py3-none-any.whl", hash = "sha256:87327c59b172c5011896038353a81343b6754500a08cd7a4973bb48c6d578147"},
    {file = "markdown_it_py-4.0.0.tar.gz", hash = "sha256:cb0a2b4aa34f932c007117b194e945bd74e0ec24133ceb5bac59009cda1cb9f3"},
]

[[package]]
name = "markupsafe"
version = "3.0.3"
requires_python = ">=3.9"
summary = "Safely add untrusted strings to HTML/XML markup."
groups = ["default"]
files = [
    {file = "markupsafe-3.0.3-cp310-cp310-macosx_10_9_x86_64.whl", hash = "sha256:2f981d352f04553a7171b8e44369f2af4055f888dfb147d55e42d29e29e74559"},
    {file = "markupsafe-3.0.3-cp310-cp310-macosx_11_0_arm64.whl", hash = "sha256:e1c1493fb6e50ab01d20a22826e57520f1284df32f2d8601fdd90b6304601419"},
    {file = "markupsafe-3.0.3-cp310-cp310-manylinux2014_aarch64.manylinux_2_17_aarch64.manylinux_2_28_aarch64.whl", hash = "sha256:1ba88449deb3de88bd40044603fafffb7bc2b055d626a330323a9ed736661695"},
    {file = "markupsafe-3.0.3-cp310-cp310-manylinux2014_x86_64.manylinux_2_17_x86_64.manylinux_2_28_x86_64.whl", hash = "sha256:f42d0984e947b8adf7dd6dde396e720934d12c506ce84eea8476409563607591"},
    {file = "markupsafe-3.0.3-cp310-cp310-manylinux_2_31_riscv64.manylinux_2_39_riscv64.whl", hash = "sha256:c0c0b3ade1c0b13b936d7970b1d37a57acde9199dc2aecc4c336773e1d86049c"},
    {file = "markupsafe-3.0.3-cp310-cp310-musllinux_1_2_aarch64.whl", hash = "sha256:0303439a41979d9e74d18ff5e2dd8c43ed6c6001fd40e5bf2e43f7bd9bbc523f"},
    {file = "markupsafe-3.0.3-cp310-cp310-musllinux_1_2_riscv64.whl", hash = "sha256:d2ee202e79d8ed691ceebae8e0486bd9a2cd4794cec4824e1c99b6f5009502f6"},
    {file = "markupsafe-3.0.3-cp310-cp310-musllinux_1_2_x86_64.whl", hash = "sha256:177b5253b2834fe3678cb4a5f0059808258584c559193998be2601324fdeafb1"},
    {file = "markupsafe-3.0.3-cp310-cp310-win32.whl", hash = "sha256:2a15a08b17dd94c53a1da0438822d70ebcd13f8c3a95abe3a9ef9f11a94830aa"},
    {file = "markupsafe-3.0.3-cp310-cp310-win_amd64.whl", hash = "sha256:c4ffb7ebf07cfe8931028e3e4c85f0357459a3f9f9490886198848f4fa002ec8"},
    {file = "markupsafe-3.0.3-cp310-cp310-win_arm64.whl", hash = "sha256:e2103a929dfa2fcaf9bb4e7c091983a49c9ac3b19c9061b6d5427dd7d14d81a1"},
    {file = "markupsafe-3.0.3.tar.gz", hash = "sha256:722695808f4b6457b320fdc131280796bdceb04ab50fe1795cd540799ebe1698"},
]

[[package]]
name = "mcp"
version = "1.17.0"
requires_python = ">=3.10"
summary = "Model Context Protocol SDK"
groups = ["default"]
dependencies = [
    "anyio>=4.5",
    "httpx-sse>=0.4",
    "httpx>=0.27.1",
    "jsonschema>=4.20.0",
    "pydantic-settings>=2.5.2",
    "pydantic<3.0.0,>=2.11.0",
    "python-multipart>=0.0.9",
    "pywin32>=310; sys_platform == \"win32\"",
    "sse-starlette>=1.6.1",
    "starlette>=0.27",
    "uvicorn>=0.31.1; sys_platform != \"emscripten\"",
]
files = [
    {file = "mcp-1.17.0-py3-none-any.whl", hash = "sha256:0660ef275cada7a545af154db3082f176cf1d2681d5e35ae63e014faf0a35d40"},
    {file = "mcp-1.17.0.tar.gz", hash = "sha256:1b57fabf3203240ccc48e39859faf3ae1ccb0b571ff798bbedae800c73c6df90"},
]

[[package]]
name = "mdurl"
version = "0.1.2"
requires_python = ">=3.7"
summary = "Markdown URL utilities"
groups = ["default"]
files = [
    {file = "mdurl-0.1.2-py3-none-any.whl", hash = "sha256:84008a41e51615a49fc9966191ff91509e3c40b939176e643fd50a5c2196b8f8"},
    {file = "mdurl-0.1.2.tar.gz", hash = "sha256:bb413d29f5eea38f31dd4754dd7377d4465116fb207585f97bf925588687c1ba"},
]

[[package]]
name = "packaging"
version = "25.0"
requires_python = ">=3.8"
summary = "Core utilities for Python packages"
groups = ["dev"]
files = [
    {file = "packaging-25.0-py3-none-any.whl", hash = "sha256:29572ef2b1f17581046b3a2227d5c611fb25ec70ca1ba8554b24b0e69331a484"},
    {file = "packaging-25.0.tar.gz", hash = "sha256:d443872c98d677bf60f6a1f2f8c1cb748e8fe762d2bf9d3148b5599295b0fc4f"},
]

[[package]]
name = "pluggy"
version = "1.6.0"
requires_python = ">=3.9"
summary = "plugin and hook calling mechanisms for python"
groups = ["dev"]
files = [
    {file = "pluggy-1.6.0-py3-none-any.whl", hash = "sha256:e920276dd6813095e9377c0bc5566d94c932c33b27a3e3945d8389c374dd4746"},
    {file = "pluggy-1.6.0.tar.gz", hash = "sha256:7dcc130b76258d33b90f61b658791dede3486c3e6bfb003ee5c9bfb396dd22f3"},
]

[[package]]
name = "pydantic"
version = "2.12.0"
requires_python = ">=3.9"
summary = "Data validation using Python type hints"
groups = ["default"]
dependencies = [
    "annotated-types>=0.6.0",
    "pydantic-core==2.41.1",
    "typing-extensions>=4.14.1",
    "typing-inspection>=0.4.2",
]
files = [
    {file = "pydantic-2.12.0-py3-none-any.whl", hash = "sha256:f6a1da352d42790537e95e83a8bdfb91c7efbae63ffd0b86fa823899e807116f"},
    {file = "pydantic-2.12.0.tar.gz", hash = "sha256:c1a077e6270dbfb37bfd8b498b3981e2bb18f68103720e51fa6c306a5a9af563"},
]

[[package]]
name = "pydantic-core"
version = "2.41.1"
requires_python = ">=3.9"
summary = "Core functionality for Pydantic validation and serialization"
groups = ["default"]
dependencies = [
    "typing-extensions>=4.14.1",
]
files = [
    {file = "pydantic_core-2.41.1-cp310-cp310-macosx_10_12_x86_64.whl", hash = "sha256:e63036298322e9aea1c8b7c0a6c1204d615dbf6ec0668ce5b83ff27f07404a61"},
    {file = "pydantic_core-2.41.1-cp310-cp310-macosx_11_0_arm64.whl", hash = "sha256:241299ca91fc77ef64f11ed909d2d9220a01834e8e6f8de61275c4dd16b7c936"},
    {file = "pydantic_core-2.41.1-cp310-cp310-manylinux_2_17_aarch64.manylinux2014_aarch64.whl", hash = "sha256:1ab7e594a2a5c24ab8013a7dc8cfe5f2260e80e490685814122081705c2cf2b0"},
    {file = "pydantic_core-2.41.1-cp310-cp310-manylinux_2_17_armv7l.manylinux2014_armv7l.whl", hash = "sha256:b054ef1a78519cb934b58e9c90c09e93b837c935dcd907b891f2b265b129eb6e"},
    {file = "pydantic_core-2.41.1-cp310-cp310-manylinux_2_17_ppc64le.manylinux2014_ppc64le.whl", hash = "sha256:f2ab7d10d0ab2ed6da54c757233eb0f48ebfb4f86e9b88ccecb3f92bbd61a538"},
    {file = "pydantic_core-2.41.1-cp310-cp310-manylinux_2_17_s390x.manylinux2014_s390x.whl", hash = "sha256:2757606b7948bb853a27e4040820306eaa0ccb9e8f9f8a0fa40cb674e170f350"},
    {file = "pydantic_core-2.41.1-cp310-cp310-manylinux_2_17_x86_64.manylinux2014_x86_64.whl", hash = "sha256:cec0e75eb61f606bad0a32f2be87507087514e26e8c73db6cbdb8371ccd27917"},
    {file = "pydantic_core-2.41.1-cp310-cp310-manylinux_2_5_i686.manylinux1_i686.whl", hash = "sha256:0234236514f44a5bf552105cfe2543a12f48203397d9d0f866affa569345a5b5"},
    {file = "pydantic_core-2.41.1-cp310-cp310-musllinux_1_1_aarch64.whl", hash = "sha256:1b974e41adfbb4ebb0f65fc4ca951347b17463d60893ba7d5f7b9bb087c83897"},
    {file = "pydantic_core-2.41.1-cp310-cp310-musllinux_1_1_armv7l.whl", hash = "sha256:248dafb3204136113c383e91a4d815269f51562b6659b756cf3df14eefc7d0bb"},
    {file = "pydantic_core-2.41.1-cp310-cp310-musllinux_1_1_x86_64.whl", hash = "sha256:678f9d76a91d6bcedd7568bbf6beb77ae8447f85d1aeebaab7e2f0829cfc3a13"},
    {file = "pydantic_core-2.41.1-cp310-cp310-win32.whl", hash = "sha256:dff5bee1d21ee58277900692a641925d2dddfde65182c972569b1a276d2ac8fb"},
    {file = "pydantic_core-2.41.1-cp310-cp310-win_amd64.whl", hash = "sha256:5042da12e5d97d215f91567110fdfa2e2595a25f17c19b9ff024f31c34f9b53e"},
    {file = "pydantic_core-2.41.1-pp310-pypy310_pp73-macosx_10_12_x86_64.whl", hash = "sha256:fabcbdb12de6eada8d6e9a759097adb3c15440fafc675b3e94ae5c9cb8d678a0"},
    {file = "pydantic_core-2.41.1-pp310-pypy310_pp73-macosx_11_0_arm64.whl", hash = "sha256:80e97ccfaf0aaf67d55de5085b0ed0d994f57747d9d03f2de5cc9847ca737b08"},
    {file = "pydantic_core-2.41.1-pp310-pypy310_pp73-manylinux_2_17_aarch64.manylinux2014_aarch64.whl", hash = "sha256:34df1fe8fea5d332484a763702e8b6a54048a9d4fe6ccf41e34a128238e01f52"},
    {file = "pydantic_core-2.41.1-pp310-pypy310_pp73-manylinux_2_5_i686.manylinux1_i686.whl", hash = "sha256:421b5595f845842fc093f7250e24ee395f54ca62d494fdde96f43ecf9228ae01"},
    {file = "pydantic_core-2.41.1-pp310-pypy310_pp73-musllinux_1_1_aarch64.whl", hash = "sha256:dce8b22663c134583aaad24827863306a933f576c79da450be3984924e2031d1"},
    {file = "pydantic_core-2.41.1-pp310-pypy310_pp73-musllinux_1_1_armv7l.whl", hash = "sha256:300a9c162fea9906cc5c103893ca2602afd84f0ec90d3be36f4cc360125d22e1"},
    {file = "pydantic_core-2.41.1-pp310-pypy310_pp73-musllinux_1_1_x86_64.whl", hash = "sha256:e019167628f6e6161ae7ab9fb70f6d076a0bf0d55aa9b20833f86a320c70dd65"},
    {file = "pydantic_core-2.41.1-pp310-pypy310_pp73-win_amd64.whl", hash = "sha256:13ab9cc2de6f9d4ab645a050ae5aee61a2424ac4d3a16ba23d4c2027705e0301"},
    {file = "pydantic_core-2.41.1.tar.gz", hash = "sha256:1ad375859a6d8c356b7704ec0f547a58e82ee80bb41baa811ad710e124bc8f2f"},
]

[[package]]
name = "pydantic-settings"
version = "2.11.0"
requires_python = ">=3.9"
summary = "Settings management using Pydantic"
groups = ["default"]
dependencies = [
    "pydantic>=2.7.0",
    "python-dotenv>=0.21.0",
    "typing-inspection>=0.4.0",
]
files = [
    {file = "pydantic_settings-2.11.0-py3-none-any.whl", hash = "sha256:fe2cea3413b9530d10f3a5875adffb17ada5c1e1bab0b2885546d7310415207c"},
    {file = "pydantic_settings-2.11.0.tar.gz", hash = "sha256:d0e87a1c7d33593beb7194adb8470fc426e95ba02af83a0f23474a04c9a08180"},
]

[[package]]
name = "pygments"
version = "2.19.2"
requires_python = ">=3.8"
summary = "Pygments is a syntax highlighting package written in Python."
groups = ["default", "dev"]
files = [
    {file = "pygments-2.19.2-py3-none-any.whl", hash = "sha256:86540386c03d588bb81d44bc3928634ff26449851e99741617ecb9037ee5ec0b"},
    {file = "pygments-2.19.2.tar.gz", hash = "sha256:636cb2477cec7f8952536970bc533bc43743542f70392ae026374600add5b887"},
]

[[package]]
name = "pytest"
version = "8.4.2"
requires_python = ">=3.9"
summary = "pytest: simple powerful testing with Python"
groups = ["dev"]
dependencies = [
    "colorama>=0.4; sys_platform == \"win32\"",
    "exceptiongroup>=1; python_version < \"3.11\"",
    "iniconfig>=1",
    "packaging>=20",
    "pluggy<2,>=1.5",
    "pygments>=2.7.2",
    "tomli>=1; python_version < \"3.11\"",
]
files = [
    {file = "pytest-8.4.2-py3-none-any.whl", hash = "sha256:872f880de3fc3a5bdc88a11b39c9710c3497a547cfa9320bc3c5e62fbf272e79"},
    {file = "pytest-8.4.2.tar.gz", hash = "sha256:86c0d0b93306b961d58d62a4db4879f27fe25513d4b969df351abdddb3c30e01"},
]

[[package]]
name = "pytest-cov"
version = "7.0.0"
requires_python = ">=3.9"
summary = "Pytest plugin for measuring coverage."
groups = ["dev"]
dependencies = [
    "coverage[toml]>=7.10.6",
    "pluggy>=1.2",
    "pytest>=7",
]
files = [
    {file = "pytest_cov-7.0.0-py3-none-any.whl", hash = "sha256:3b8e9558b16cc1479da72058bdecf8073661c7f57f7d3c5f22a1c23507f2d861"},
    {file = "pytest_cov-7.0.0.tar.gz", hash = "sha256:33c97eda2e049a0c5298e91f519302a1334c26ac65c1a483d6206fd458361af1"},
]

[[package]]
name = "python-dotenv"
version = "1.1.1"
requires_python = ">=3.9"
summary = "Read key-value pairs from a .env file and set them as environment variables"
groups = ["default"]
files = [
    {file = "python_dotenv-1.1.1-py3-none-any.whl", hash = "sha256:31f23644fe2602f88ff55e1f5c79ba497e01224ee7737937930c448e4d0e24dc"},
    {file = "python_dotenv-1.1.1.tar.gz", hash = "sha256:a8a6399716257f45be6a007360200409fce5cda2661e3dec71d23dc15f6189ab"},
]

[[package]]
name = "python-multipart"
version = "0.0.20"
requires_python = ">=3.8"
summary = "A streaming multipart parser for Python"
groups = ["default"]
files = [
    {file = "python_multipart-0.0.20-py3-none-any.whl", hash = "sha256:8a62d3a8335e06589fe01f2a3e178cdcc632f3fbe0d492ad9ee0ec35aab1f104"},
    {file = "python_multipart-0.0.20.tar.gz", hash = "sha256:8dd0cab45b8e23064ae09147625994d090fa46f5b0d1e13af944c331a7fa9d13"},
]

[[package]]
name = "pywin32"
version = "311"
summary = "Python for Window Extensions"
groups = ["default"]
marker = "sys_platform == \"win32\""
files = [
    {file = "pywin32-311-cp310-cp310-win32.whl", hash = "sha256:d03ff496d2a0cd4a5893504789d4a15399133fe82517455e78bad62efbb7f0a3"},
    {file = "pywin32-311-cp310-cp310-win_amd64.whl", hash = "sha256:797c2772017851984b97180b0bebe4b620bb86328e8a884bb626156295a63b3b"},
    {file = "pywin32-311-cp310-cp310-win_arm64.whl", hash = "sha256:0502d1facf1fed4839a9a51ccbcc63d952cf318f78ffc00a7e78528ac27d7a2b"},
]

[[package]]
name = "pyyaml"
version = "6.0.3"
requires_python = ">=3.8"
summary = "YAML parser and emitter for Python"
groups = ["default"]
files = [
    {file = "pyyaml-6.0.3-cp310-cp310-macosx_10_13_x86_64.whl", hash = "sha256:214ed4befebe12df36bcc8bc2b64b396ca31be9304b8f59e25c11cf94a4c033b"},
    {file = "pyyaml-6.0.3-cp310-cp310-macosx_11_0_arm64.whl", hash = "sha256:02ea2dfa234451bbb8772601d7b8e426c2bfa197136796224e50e35a78777956"},
    {file = "pyyaml-6.0.3-cp310-cp310-manylinux2014_aarch64.manylinux_2_17_aarch64.manylinux_2_28_aarch64.whl", hash = "sha256:b30236e45cf30d2b8e7b3e85881719e98507abed1011bf463a8fa23e9c3e98a8"},
    {file = "pyyaml-6.0.3-cp310-cp310-manylinux2014_s390x.manylinux_2_17_s390x.manylinux_2_28_s390x.whl", hash = "sha256:66291b10affd76d76f54fad28e22e51719ef9ba22b29e1d7d03d6777a9174198"},
    {file = "pyyaml-6.0.3-cp310-cp310-manylinux2014_x86_64.manylinux_2_17_x86_64.manylinux_2_28_x86_64.whl", hash = "sha256:9c7708761fccb9397fe64bbc0395abcae8c4bf7b0eac081e12b809bf47700d0b"},
    {file = "pyyaml-6.0.3-cp310-cp310-musllinux_1_2_aarch64.whl", hash = "sha256:418cf3f2111bc80e0933b2cd8cd04f286338bb88bdc7bc8e6dd775ebde60b5e0"},
    {file = "pyyaml-6.0.3-cp310-cp310-musllinux_1_2_x86_64.whl", hash = "sha256:5e0b74767e5f8c593e8c9b5912019159ed0533c70051e9cce3e8b6aa699fcd69"},
    {file = "pyyaml-6.0.3-cp310-cp310-win32.whl", hash = "sha256:28c8d926f98f432f88adc23edf2e6d4921ac26fb084b028c733d01868d19007e"},
    {file = "pyyaml-6.0.3-cp310-cp310-win_amd64.whl", hash = "sha256:bdb2c67c6c1390b63c6ff89f210c8fd09d9a1217a465701eac7316313c915e4c"},
    {file = "pyyaml-6.0.3.tar.gz", hash = "sha256:d76623373421df22fb4cf8817020cbb7ef15c725b9d5e45f17e189bfc384190f"},
]

[[package]]
name = "referencing"
version = "0.36.2"
requires_python = ">=3.9"
summary = "JSON Referencing + Python"
groups = ["default"]
dependencies = [
    "attrs>=22.2.0",
    "rpds-py>=0.7.0",
    "typing-extensions>=4.4.0; python_version < \"3.13\"",
]
files = [
    {file = "referencing-0.36.2-py3-none-any.whl", hash = "sha256:e8699adbbf8b5c7de96d8ffa0eb5c158b3beafce084968e2ea8bb08c6794dcd0"},
    {file = "referencing-0.36.2.tar.gz", hash = "sha256:df2e89862cd09deabbdba16944cc3f10feb6b3e6f18e902f7cc25609a34775aa"},
]

[[package]]
name = "rich"
version = "14.2.0"
requires_python = ">=3.8.0"
summary = "Render rich text, tables, progress bars, syntax highlighting, markdown and more to the terminal"
groups = ["default"]
dependencies = [
    "markdown-it-py>=2.2.0",
    "pygments<3.0.0,>=2.13.0",
]
files = [
    {file = "rich-14.2.0-py3-none-any.whl", hash = "sha256:76bc51fe2e57d2b1be1f96c524b890b816e334ab4c1e45888799bfaab0021edd"},
    {file = "rich-14.2.0.tar.gz", hash = "sha256:73ff50c7c0c1c77c8243079283f4edb376f0f6442433aecb8ce7e6d0b92d1fe4"},
]

[[package]]
name = "rpds-py"
version = "0.27.1"
requires_python = ">=3.9"
summary = "Python bindings to Rust's persistent data structures (rpds)"
groups = ["default"]
files = [
    {file = "rpds_py-0.27.1-cp310-cp310-macosx_10_12_x86_64.whl", hash = "sha256:68afeec26d42ab3b47e541b272166a0b4400313946871cba3ed3a4fc0cab1cef"},
    {file = "rpds_py-0.27.1-cp310-cp310-macosx_11_0_arm64.whl", hash = "sha256:74e5b2f7bb6fa38b1b10546d27acbacf2a022a8b5543efb06cfebc72a59c85be"},
    {file = "rpds_py-0.27.1-cp310-cp310-manylinux_2_17_aarch64.manylinux2014_aarch64.whl", hash = "sha256:9024de74731df54546fab0bfbcdb49fae19159ecaecfc8f37c18d2c7e2c0bd61"},
    {file = "rpds_py-0.27.1-cp310-cp310-manylinux_2_17_armv7l.manylinux2014_armv7l.whl", hash = "sha256:31d3ebadefcd73b73928ed0b2fd696f7fefda8629229f81929ac9c1854d0cffb"},
    {file = "rpds_py-0.27.1-cp310-cp310-manylinux_2_17_ppc64le.manylinux2014_ppc64le.whl", hash = "sha256:b2e7f8f169d775dd9092a1743768d771f1d1300453ddfe6325ae3ab5332b4657"},
    {file = "rpds_py-0.27.1-cp310-cp310-manylinux_2_17_s390x.manylinux2014_s390x.whl", hash = "sha256:3d905d16f77eb6ab2e324e09bfa277b4c8e5e6b8a78a3e7ff8f3cdf773b4c013"},
    {file = "rpds_py-0.27.1-cp310-cp310-manylinux_2_17_x86_64.manylinux2014_x86_64.whl", hash = "sha256:50c946f048209e6362e22576baea09193809f87687a95a8db24e5fbdb307b93a"},
    {file = "rpds_py-0.27.1-cp310-cp310-manylinux_2_31_riscv64.whl", hash = "sha256:3deab27804d65cd8289eb814c2c0e807c4b9d9916c9225e363cb0cf875eb67c1"},
    {file = "rpds_py-0.27.1-cp310-cp310-manylinux_2_5_i686.manylinux1_i686.whl", hash = "sha256:8b61097f7488de4be8244c89915da8ed212832ccf1e7c7753a25a394bf9b1f10"},
    {file = "rpds_py-0.27.1-cp310-cp310-musllinux_1_2_aarch64.whl", hash = "sha256:8a3f29aba6e2d7d90528d3c792555a93497fe6538aa65eb675b44505be747808"},
    {file = "rpds_py-0.27.1-cp310-cp310-musllinux_1_2_i686.whl", hash = "sha256:dd6cd0485b7d347304067153a6dc1d73f7d4fd995a396ef32a24d24b8ac63ac8"},
    {file = "rpds_py-0.27.1-cp310-cp310-musllinux_1_2_x86_64.whl", hash = "sha256:6f4461bf931108c9fa226ffb0e257c1b18dc2d44cd72b125bec50ee0ab1248a9"},
    {file = "rpds_py-0.27.1-cp310-cp310-win32.whl", hash = "sha256:ee5422d7fb21f6a00c1901bf6559c49fee13a5159d0288320737bbf6585bd3e4"},
    {file = "rpds_py-0.27.1-cp310-cp310-win_amd64.whl", hash = "sha256:3e039aabf6d5f83c745d5f9a0a381d031e9ed871967c0a5c38d201aca41f3ba1"},
    {file = "rpds_py-0.27.1-pp310-pypy310_pp73-macosx_10_12_x86_64.whl", hash = "sha256:7ba22cb9693df986033b91ae1d7a979bc399237d45fccf875b76f62bb9e52ddf"},
    {file = "rpds_py-0.27.1-pp310-pypy310_pp73-macosx_11_0_arm64.whl", hash = "sha256:5b640501be9288c77738b5492b3fd3abc4ba95c50c2e41273c8a1459f08298d3"},
    {file = "rpds_py-0.27.1-pp310-pypy310_pp73-manylinux_2_17_aarch64.manylinux2014_aarch64.whl", hash = "sha256:fb08b65b93e0c6dd70aac7f7890a9c0938d5ec71d5cb32d45cf844fb8ae47636"},
    {file = "rpds_py-0.27.1-pp310-pypy310_pp73-manylinux_2_17_armv7l.manylinux2014_armv7l.whl", hash = "sha256:d7ff07d696a7a38152ebdb8212ca9e5baab56656749f3d6004b34ab726b550b8"},
    {file = "rpds_py-0.27.1-pp310-pypy310_pp73-manylinux_2_17_ppc64le.manylinux2014_ppc64le.whl", hash = "sha256:fb7c72262deae25366e3b6c0c0ba46007967aea15d1eea746e44ddba8ec58dcc"},
    {file = "rpds_py-0.27.1-pp310-pypy310_pp73-manylinux_2_17_s390x.manylinux2014_s390x.whl", hash = "sha256:7b002cab05d6339716b03a4a3a2ce26737f6231d7b523f339fa061d53368c9d8"},
    {file = "rpds_py-0.27.1-pp310-pypy310_pp73-manylinux_2_17_x86_64.manylinux2014_x86_64.whl", hash = "sha256:23f6b69d1c26c4704fec01311963a41d7de3ee0570a84ebde4d544e5a1859ffc"},
    {file = "rpds_py-0.27.1-pp310-pypy310_pp73-manylinux_2_31_riscv64.whl", hash = "sha256:530064db9146b247351f2a0250b8f00b289accea4596a033e94be2389977de71"},
    {file = "rpds_py-0.27.1-pp310-pypy310_pp73-manylinux_2_5_i686.manylinux1_i686.whl", hash = "sha256:7b90b0496570bd6b0321724a330d8b545827c4df2034b6ddfc5f5275f55da2ad"},
    {file = "rpds_py-0.27.1-pp310-pypy310_pp73-musllinux_1_2_aarch64.whl", hash = "sha256:879b0e14a2da6a1102a3fc8af580fc1ead37e6d6692a781bd8c83da37429b5ab"},
    {file = "rpds_py-0.27.1-pp310-pypy310_pp73-musllinux_1_2_i686.whl", hash = "sha256:0d807710df3b5faa66c731afa162ea29717ab3be17bdc15f90f2d9f183da4059"},
    {file = "rpds_py-0.27.1-pp310-pypy310_pp73-musllinux_1_2_x86_64.whl", hash = "sha256:3adc388fc3afb6540aec081fa59e6e0d3908722771aa1e37ffe22b220a436f0b"},
    {file = "rpds_py-0.27.1-pp310-pypy310_pp73-win_amd64.whl", hash = "sha256:c796c0c1cc68cb08b0284db4229f5af76168172670c74908fdbd4b7d7f515819"},
    {file = "rpds_py-0.27.1.tar.gz", hash = "sha256:26a1c73171d10b7acccbded82bf6a586ab8203601e565badc74bbbf8bc5a10f8"},
]

[[package]]
name = "shellingham"
version = "1.5.4"
requires_python = ">=3.7"
summary = "Tool to Detect Surrounding Shell"
groups = ["default"]
files = [
    {file = "shellingham-1.5.4-py2.py3-none-any.whl", hash = "sha256:7ecfff8f2fd72616f7481040475a65b2bf8af90a56c89140852d1120324e8686"},
    {file = "shellingham-1.5.4.tar.gz", hash = "sha256:8dbca0739d487e5bd35ab3ca4b36e11c4078f3a234bfce294b0a0291363404de"},
]

[[package]]
name = "sniffio"
version = "1.3.1"
requires_python = ">=3.7"
summary = "Sniff out which async library your code is running under"
groups = ["default"]
files = [
    {file = "sniffio-1.3.1-py3-none-any.whl", hash = "sha256:2f6da418d1f1e0fddd844478f41680e794e6051915791a034ff65e5f100525a2"},
    {file = "sniffio-1.3.1.tar.gz", hash = "sha256:f4324edc670a0f49750a81b895f35c3adb843cca46f0530f79fc1babb23789dc"},
]

[[package]]
name = "sqlalchemy"
version = "2.0.44"
requires_python = ">=3.7"
summary = "Database Abstraction Library"
groups = ["default"]
dependencies = [
    "greenlet>=1; platform_machine == \"win32\" or platform_machine == \"WIN32\" or platform_machine == \"AMD64\" or platform_machine == \"amd64\" or platform_machine == \"x86_64\" or platform_machine == \"ppc64le\" or platform_machine == \"aarch64\"",
    "importlib-metadata; python_version < \"3.8\"",
    "typing-extensions>=4.6.0",
]
files = [
    {file = "sqlalchemy-2.0.44-cp310-cp310-macosx_10_9_x86_64.whl", hash = "sha256:7c77f3080674fc529b1bd99489378c7f63fcb4ba7f8322b79732e0258f0ea3ce"},
    {file = "sqlalchemy-2.0.44-cp310-cp310-macosx_11_0_arm64.whl", hash = "sha256:4c26ef74ba842d61635b0152763d057c8d48215d5be9bb8b7604116a059e9985"},
    {file = "sqlalchemy-2.0.44-cp310-cp310-manylinux_2_17_aarch64.manylinux2014_aarch64.whl", hash = "sha256:f4a172b31785e2f00780eccab00bc240ccdbfdb8345f1e6063175b3ff12ad1b0"},
    {file = "sqlalchemy-2.0.44-cp310-cp310-manylinux_2_17_x86_64.manylinux2014_x86_64.whl", hash = "sha256:f9480c0740aabd8cb29c329b422fb65358049840b34aba0adf63162371d2a96e"},
    {file = "sqlalchemy-2.0.44-cp310-cp310-musllinux_1_2_aarch64.whl", hash = "sha256:17835885016b9e4d0135720160db3095dc78c583e7b902b6be799fb21035e749"},
    {file = "sqlalchemy-2.0.44-cp310-cp310-musllinux_1_2_x86_64.whl", hash = "sha256:cbe4f85f50c656d753890f39468fcd8190c5f08282caf19219f684225bfd5fd2"},
    {file = "sqlalchemy-2.0.44-cp310-cp310-win32.whl", hash = "sha256:2fcc4901a86ed81dc76703f3b93ff881e08761c63263c46991081fd7f034b165"},
    {file = "sqlalchemy-2.0.44-cp310-cp310-win_amd64.whl", hash = "sha256:9919e77403a483ab81e3423151e8ffc9dd992c20d2603bf17e4a8161111e55f5"},
    {file = "sqlalchemy-2.0.44-py3-none-any.whl", hash = "sha256:19de7ca1246fbef9f9d1bff8f1ab25641569df226364a0e40457dc5457c54b05"},
    {file = "sqlalchemy-2.0.44.tar.gz", hash = "sha256:0ae7454e1ab1d780aee69fd2aae7d6b8670a581d8847f2d1e0f7ddfbf47e5a22"},
]

[[package]]
name = "sse-starlette"
version = "3.0.2"
requires_python = ">=3.9"
summary = "SSE plugin for Starlette"
groups = ["default"]
dependencies = [
    "anyio>=4.7.0",
]
files = [
    {file = "sse_starlette-3.0.2-py3-none-any.whl", hash = "sha256:16b7cbfddbcd4eaca11f7b586f3b8a080f1afe952c15813455b162edea619e5a"},
    {file = "sse_starlette-3.0.2.tar.gz", hash = "sha256:ccd60b5765ebb3584d0de2d7a6e4f745672581de4f5005ab31c3a25d10b52b3a"},
]

[[package]]
name = "starlette"
version = "0.48.0"
requires_python = ">=3.9"
summary = "The little ASGI library that shines."
groups = ["default"]
dependencies = [
    "anyio<5,>=3.6.2",
    "typing-extensions>=4.10.0; python_version < \"3.13\"",
]
files = [
    {file = "starlette-0.48.0-py3-none-any.whl", hash = "sha256:0764ca97b097582558ecb498132ed0c7d942f233f365b86ba37770e026510659"},
    {file = "starlette-0.48.0.tar.gz", hash = "sha256:7e8cee469a8ab2352911528110ce9088fdc6a37d9876926e73da7ce4aa4c7a46"},
]

[[package]]
name = "tomli"
version = "2.3.0"
requires_python = ">=3.8"
summary = "A lil' TOML parser"
groups = ["default", "dev"]
marker = "python_version < \"3.11\""
files = [
    {file = "tomli-2.3.0-py3-none-any.whl", hash = "sha256:e95b1af3c5b07d9e643909b5abbec77cd9f1217e6d0bca72b0234736b9fb1f1b"},
    {file = "tomli-2.3.0.tar.gz", hash = "sha256:64be704a875d2a59753d80ee8a533c3fe183e3f06807ff7dc2232938ccb01549"},
]

[[package]]
name = "typer"
version = "0.19.2"
requires_python = ">=3.8"
summary = "Typer, build great CLIs. Easy to code. Based on Python type hints."
groups = ["default"]
dependencies = [
    "click>=8.0.0",
    "rich>=10.11.0",
    "shellingham>=1.3.0",
    "typing-extensions>=3.7.4.3",
]
files = [
    {file = "typer-0.19.2-py3-none-any.whl", hash = "sha256:755e7e19670ffad8283db353267cb81ef252f595aa6834a0d1ca9312d9326cb9"},
    {file = "typer-0.19.2.tar.gz", hash = "sha256:9ad824308ded0ad06cc716434705f691d4ee0bfd0fb081839d2e426860e7fdca"},
]

[[package]]
name = "typing-extensions"
version = "4.15.0"
requires_python = ">=3.9"
summary = "Backported and Experimental Type Hints for Python 3.9+"
groups = ["default", "dev"]
files = [
    {file = "typing_extensions-4.15.0-py3-none-any.whl", hash = "sha256:f0fa19c6845758ab08074a0cfa8b7aecb71c999ca73d62883bc25cc018c4e548"},
    {file = "typing_extensions-4.15.0.tar.gz", hash = "sha256:0cea48d173cc12fa28ecabc3b837ea3cf6f38c6d1136f85cbaaf598984861466"},
]

[[package]]
name = "typing-inspection"
version = "0.4.2"
requires_python = ">=3.9"
summary = "Runtime typing introspection tools"
groups = ["default"]
dependencies = [
    "typing-extensions>=4.12.0",
]
files = [
    {file = "typing_inspection-0.4.2-py3-none-any.whl", hash = "sha256:4ed1cacbdc298c220f1bd249ed5287caa16f34d44ef4e9c3d0cbad5b521545e7"},
    {file = "typing_inspection-0.4.2.tar.gz", hash = "sha256:ba561c48a67c5958007083d386c3295464928b01faa735ab8547c5692e87f464"},
]

[[package]]
name = "uvicorn"
version = "0.37.0"
requires_python = ">=3.9"
summary = "The lightning-fast ASGI server."
groups = ["default"]
marker = "sys_platform != \"emscripten\""
dependencies = [
    "click>=7.0",
    "h11>=0.8",
    "typing-extensions>=4.0; python_version < \"3.11\"",
]
files = [
    {file = "uvicorn-0.37.0-py3-none-any.whl", hash = "sha256:913b2b88672343739927ce381ff9e2ad62541f9f8289664fa1d1d3803fa2ce6c"},
    {file = "uvicorn-0.37.0.tar.gz", hash = "sha256:4115c8add6d3fd536c8ee77f0e14a7fd2ebba939fed9b02583a97f80648f9e13"},
]
